
Microsoft Visual Studio Solution File, Format Version 12.00
# Visual Studio 14
VisualStudioVersion = 14.0.25420.1
MinimumVisualStudioVersion = 10.0.40219.1
Project("{FAE04EC0-301F-11D3-BF4B-00C04F79EFBC}") = "Hello-World", "Hello-World\Hello-World.csproj", "{BD88696D-71E2-4CE6-A48A-FF0B91685CFD}"
EndProject
Global
	GlobalSection(SolutionConfigurationPlatforms) = preSolution
		Debug|Any CPU = Debug|Any CPU
		Release|Any CPU = Release|Any CPU
	EndGlobalSection
	GlobalSection(ProjectConfigurationPlatforms) = postSolution
		{BD88696D-71E2-4CE6-A48A-FF0B91685CFD}.Debug|Any CPU.ActiveCfg = Debug|Any CPU
		{BD88696D-71E2-4CE6-A48A-FF0B91685CFD}.Debug|Any CPU.Build.0 = Debug|Any CPU
		{BD88696D-71E2-4CE6-A48A-FF0B91685CFD}.Release|Any CPU.ActiveCfg = Release|Any CPU
		{BD88696D-71E2-4CE6-A48A-FF0B91685CFD}.Release|Any CPU.Build.0 = Release|Any CPU
	EndGlobalSection
	GlobalSection(SolutionProperties) = preSolution
		HideSolutionNode = FALSE
	EndGlobalSection
	GlobalSection(TeamFoundationVersionControl) = preSolution
		SccNumberOfProjects = 2
		SccEnterpriseProvider = {4CA58AB2-18FA-4F8D-95D4-32DDF27D184C}
		SccTeamFoundationServer = http://tfs:8080/tfs/defaultcollection
		SccLocalPath0 = .
		SccProjectUniqueName1 = Hello-World\\Hello-World.csproj
		SccProjectName1 = Hello-World
		SccLocalPath1 = Hello-World
	EndGlobalSection
EndGlobal
